
Microsoft Visual Studio Solution File, Format Version 12.00
# Visual Studio Version 17
VisualStudioVersion = 17.1.32414.318
MinimumVisualStudioVersion = 10.0.40219.1
Project("{FAE04EC0-301F-11D3-BF4B-00C04F79EFBC}") = "2048", "2048\2048.csproj", "{88518061-EEA6-4C5C-8DE4-DCCD38BA89B7}"
EndProject
Global
	GlobalSection(SolutionConfigurationPlatforms) = preSolution
		Debug|Any CPU = Debug|Any CPU
		Release|Any CPU = Release|Any CPU
	EndGlobalSection
	GlobalSection(ProjectConfigurationPlatforms) = postSolution
		{88518061-EEA6-4C5C-8DE4-DCCD38BA89B7}.Debug|Any CPU.ActiveCfg = Debug|Any CPU
		{88518061-EEA6-4C5C-8DE4-DCCD38BA89B7}.Debug|Any CPU.Build.0 = Debug|Any CPU
		{88518061-EEA6-4C5C-8DE4-DCCD38BA89B7}.Release|Any CPU.ActiveCfg = Release|Any CPU
		{88518061-EEA6-4C5C-8DE4-DCCD38BA89B7}.Release|Any CPU.Build.0 = Release|Any CPU
	EndGlobalSection
	GlobalSection(SolutionProperties) = preSolution
		HideSolutionNode = FALSE
	EndGlobalSection
	GlobalSection(ExtensibilityGlobals) = postSolution
		SolutionGuid = {94172607-6C35-4512-B88E-58887E9D4A60}
	EndGlobalSection
EndGlobal
